
Microsoft Visual Studio Solution File, Format Version 12.00
# Visual Studio Version 17
VisualStudioVersion = 17.5.2.0
MinimumVisualStudioVersion = 10.0.40219.1
Project("{FAE04EC0-301F-11D3-BF4B-00C04F79EFBC}") = "SportsAIPredictionAPI", "SportsAIPredictionAPI.csproj", "{40BF9676-C862-0892-5A72-F611396612F6}"
EndProject
Project("{2150E333-8FDC-42A3-9474-1A3956D46DE8}") = "Tests", "Tests", "{0AB3BF05-4346-4AA6-1389-037BE0695223}"
EndProject
Project("{FAE04EC0-301F-11D3-BF4B-00C04F79EFBC}") = "SportsAIPredictionAPI.Tests", "Tests\SportsAIPredictionAPI.Tests.csproj", "{C459E1EE-2B82-4298-8B77-9B54B65DD833}"
EndProject
Global
	GlobalSection(SolutionConfigurationPlatforms) = preSolution
		Debug|Any CPU = Debug|Any CPU
		Debug|x64 = Debug|x64
		Debug|x86 = Debug|x86
		Release|Any CPU = Release|Any CPU
		Release|x64 = Release|x64
		Release|x86 = Release|x86
	EndGlobalSection
	GlobalSection(ProjectConfigurationPlatforms) = postSolution
		{40BF9676-C862-0892-5A72-F611396612F6}.Debug|Any CPU.ActiveCfg = Debug|Any CPU
		{40BF9676-C862-0892-5A72-F611396612F6}.Debug|Any CPU.Build.0 = Debug|Any CPU
		{40BF9676-C862-0892-5A72-F611396612F6}.Debug|x64.ActiveCfg = Debug|Any CPU
		{40BF9676-C862-0892-5A72-F611396612F6}.Debug|x64.Build.0 = Debug|Any CPU
		{40BF9676-C862-0892-5A72-F611396612F6}.Debug|x86.ActiveCfg = Debug|Any CPU
		{40BF9676-C862-0892-5A72-F611396612F6}.Debug|x86.Build.0 = Debug|Any CPU
		{40BF9676-C862-0892-5A72-F611396612F6}.Release|Any CPU.ActiveCfg = Release|Any CPU
		{40BF9676-C862-0892-5A72-F611396612F6}.Release|Any CPU.Build.0 = Release|Any CPU
		{40BF9676-C862-0892-5A72-F611396612F6}.Release|x64.ActiveCfg = Release|Any CPU
		{40BF9676-C862-0892-5A72-F611396612F6}.Release|x64.Build.0 = Release|Any CPU
		{40BF9676-C862-0892-5A72-F611396612F6}.Release|x86.ActiveCfg = Release|Any CPU
		{40BF9676-C862-0892-5A72-F611396612F6}.Release|x86.Build.0 = Release|Any CPU
		{C459E1EE-2B82-4298-8B77-9B54B65DD833}.Debug|Any CPU.ActiveCfg = Debug|Any CPU
		{C459E1EE-2B82-4298-8B77-9B54B65DD833}.Debug|Any CPU.Build.0 = Debug|Any CPU
		{C459E1EE-2B82-4298-8B77-9B54B65DD833}.Debug|x64.ActiveCfg = Debug|Any CPU
		{C459E1EE-2B82-4298-8B77-9B54B65DD833}.Debug|x64.Build.0 = Debug|Any CPU
		{C459E1EE-2B82-4298-8B77-9B54B65DD833}.Debug|x86.ActiveCfg = Debug|Any CPU
		{C459E1EE-2B82-4298-8B77-9B54B65DD833}.Debug|x86.Build.0 = Debug|Any CPU
		{C459E1EE-2B82-4298-8B77-9B54B65DD833}.Release|Any CPU.ActiveCfg = Release|Any CPU
		{C459E1EE-2B82-4298-8B77-9B54B65DD833}.Release|Any CPU.Build.0 = Release|Any CPU
		{C459E1EE-2B82-4298-8B77-9B54B65DD833}.Release|x64.ActiveCfg = Release|Any CPU
		{C459E1EE-2B82-4298-8B77-9B54B65DD833}.Release|x64.Build.0 = Release|Any CPU
		{C459E1EE-2B82-4298-8B77-9B54B65DD833}.Release|x86.ActiveCfg = Release|Any CPU
		{C459E1EE-2B82-4298-8B77-9B54B65DD833}.Release|x86.Build.0 = Release|Any CPU
	EndGlobalSection
	GlobalSection(SolutionProperties) = preSolution
		HideSolutionNode = FALSE
	EndGlobalSection
	GlobalSection(NestedProjects) = preSolution
		{C459E1EE-2B82-4298-8B77-9B54B65DD833} = {0AB3BF05-4346-4AA6-1389-037BE0695223}
	EndGlobalSection
	GlobalSection(ExtensibilityGlobals) = postSolution
		SolutionGuid = {143D858E-C5E2-4AB7-983D-D5ADB8AC4A66}
	EndGlobalSection
EndGlobal
